
Microsoft Visual Studio Solution File, Format Version 12.00
# Visual Studio Version 17
VisualStudioVersion = 17.9.34728.123
MinimumVisualStudioVersion = 10.0.40219.1
Project("{FAE04EC0-301F-11D3-BF4B-00C04F79EFBC}") = "RumassaBack.API", "RumassaBack\RumassaBack.API.csproj", "{275053AF-6A1E-404D-899C-DF6D4DD79BD0}"
EndProject
Project("{FAE04EC0-301F-11D3-BF4B-00C04F79EFBC}") = "Rumassa.Application", "Rumassa.Application\Rumassa.Application.csproj", "{016E0E04-6A39-4AA4-A312-E8D5E032AEA5}"
EndProject
Project("{FAE04EC0-301F-11D3-BF4B-00C04F79EFBC}") = "Rumassa.Domain", "Rumassa.Domain\Rumassa.Domain.csproj", "{688C8FBE-CC27-450C-8F6C-FE7DBD05C7A9}"
EndProject
Project("{FAE04EC0-301F-11D3-BF4B-00C04F79EFBC}") = "Rumassa.Infrastructure", "Rumassa.Infrastructure\Rumassa.Infrastructure.csproj", "{BBC06EEF-FA9D-4C32-BB31-981E3C890FBC}"
EndProject
Global
	GlobalSection(SolutionConfigurationPlatforms) = preSolution
		Debug|Any CPU = Debug|Any CPU
		Release|Any CPU = Release|Any CPU
	EndGlobalSection
	GlobalSection(ProjectConfigurationPlatforms) = postSolution
		{275053AF-6A1E-404D-899C-DF6D4DD79BD0}.Debug|Any CPU.ActiveCfg = Debug|Any CPU
		{275053AF-6A1E-404D-899C-DF6D4DD79BD0}.Debug|Any CPU.Build.0 = Debug|Any CPU
		{275053AF-6A1E-404D-899C-DF6D4DD79BD0}.Release|Any CPU.ActiveCfg = Release|Any CPU
		{275053AF-6A1E-404D-899C-DF6D4DD79BD0}.Release|Any CPU.Build.0 = Release|Any CPU
		{016E0E04-6A39-4AA4-A312-E8D5E032AEA5}.Debug|Any CPU.ActiveCfg = Debug|Any CPU
		{016E0E04-6A39-4AA4-A312-E8D5E032AEA5}.Debug|Any CPU.Build.0 = Debug|Any CPU
		{016E0E04-6A39-4AA4-A312-E8D5E032AEA5}.Release|Any CPU.ActiveCfg = Release|Any CPU
		{016E0E04-6A39-4AA4-A312-E8D5E032AEA5}.Release|Any CPU.Build.0 = Release|Any CPU
		{688C8FBE-CC27-450C-8F6C-FE7DBD05C7A9}.Debug|Any CPU.ActiveCfg = Debug|Any CPU
		{688C8FBE-CC27-450C-8F6C-FE7DBD05C7A9}.Debug|Any CPU.Build.0 = Debug|Any CPU
		{688C8FBE-CC27-450C-8F6C-FE7DBD05C7A9}.Release|Any CPU.ActiveCfg = Release|Any CPU
		{688C8FBE-CC27-450C-8F6C-FE7DBD05C7A9}.Release|Any CPU.Build.0 = Release|Any CPU
		{BBC06EEF-FA9D-4C32-BB31-981E3C890FBC}.Debug|Any CPU.ActiveCfg = Debug|Any CPU
		{BBC06EEF-FA9D-4C32-BB31-981E3C890FBC}.Debug|Any CPU.Build.0 = Debug|Any CPU
		{BBC06EEF-FA9D-4C32-BB31-981E3C890FBC}.Release|Any CPU.ActiveCfg = Release|Any CPU
		{BBC06EEF-FA9D-4C32-BB31-981E3C890FBC}.Release|Any CPU.Build.0 = Release|Any CPU
	EndGlobalSection
	GlobalSection(SolutionProperties) = preSolution
		HideSolutionNode = FALSE
	EndGlobalSection
	GlobalSection(ExtensibilityGlobals) = postSolution
		SolutionGuid = {10D2F52C-C5BE-4709-9432-9B4A97E1DCA9}
	EndGlobalSection
EndGlobal
